<?xml version="1.0" encoding="utf-8"?>
<Project ToolsVersion="4.0" xmlns="http://schemas.microsoft.com/developer/msbuild/2003">
  <ItemGroup>
    <Filter Include="API Framework">
      <UniqueIdentifier>{4e364092-b204-4a76-98b6-fc7659b7ffc0}</UniqueIdentifier>
    </Filter>
    <Filter Include="API Framework\DesignPattern">
      <UniqueIdentifier>{5acc5c47-832a-4504-a902-7eacf155596a}</UniqueIdentifier>
    </Filter>
    <Filter Include="API Framework\DesignPattern\Singleton">
      <UniqueIdentifier>{cabe14e5-8aa5-420e-86c9-ba593935253c}</UniqueIdentifier>
    </Filter>
    <Filter Include="API Framework\Stdafx">
      <UniqueIdentifier>{8b0881e9-4025-4c2b-94b0-2bb605de036f}</UniqueIdentifier>
    </Filter>
    <Filter Include="API Framework\GameNode">
      <UniqueIdentifier>{abd6f07d-2a1a-40a3-9394-31a7f1319fd1}</UniqueIdentifier>
    </Filter>
    <Filter Include="MainGame">
      <UniqueIdentifier>{06c0c1fa-e7d6-4171-8dbc-c0984885a96a}</UniqueIdentifier>
    </Filter>
    <Filter Include="API Framework\Utility">
      <UniqueIdentifier>{5ae5052a-c653-4da9-9665-598a53338e3c}</UniqueIdentifier>
    </Filter>
    <Filter Include="API Framework\Manager">
      <UniqueIdentifier>{8eab3fe2-8c78-4314-857e-543fd140f391}</UniqueIdentifier>
    </Filter>
    <Filter Include="MainGame\HW1">
      <UniqueIdentifier>{3277111b-3032-4665-8f9c-b35893dd8120}</UniqueIdentifier>
    </Filter>
    <Filter Include="API Framework\Image">
      <UniqueIdentifier>{2911cede-94f3-434f-a734-c6b68e4061d3}</UniqueIdentifier>
    </Filter>
  </ItemGroup>
  <ItemGroup>
    <ClCompile Include="Stdafx.cpp">
      <Filter>API Framework\Stdafx</Filter>
    </ClCompile>
    <ClCompile Include="GameNode.cpp">
      <Filter>API Framework\GameNode</Filter>
    </ClCompile>
    <ClCompile Include="MainGame.cpp">
      <Filter>MainGame</Filter>
    </ClCompile>
    <ClCompile Include="WinMain.cpp">
      <Filter>API Framework</Filter>
    </ClCompile>
    <ClCompile Include="KeyManager.cpp">
      <Filter>API Framework\Manager</Filter>
    </ClCompile>
    <ClCompile Include="ImageManager.cpp">
      <Filter>API Framework\Manager</Filter>
    </ClCompile>
    <ClCompile Include="Image.cpp">
      <Filter>API Framework\Image</Filter>
    </ClCompile>
    <ClCompile Include="FontManager.cpp">
      <Filter>API Framework\Manager</Filter>
    </ClCompile>
    <ClCompile Include="TempSoundManager.cpp">
      <Filter>API Framework\Manager</Filter>
    </ClCompile>
    <ClCompile Include="Utils.cpp">
      <Filter>API Framework\Utility</Filter>
    </ClCompile>
    <ClCompile Include="TimeManager.cpp">
      <Filter>API Framework\Manager</Filter>
    </ClCompile>
    <ClCompile Include="Timer.cpp">
      <Filter>API Framework\Manager</Filter>
    </ClCompile>
  </ItemGroup>
  <ItemGroup>
    <ClInclude Include="Stdafx.h">
      <Filter>API Framework\Stdafx</Filter>
    </ClInclude>
    <ClInclude Include="CommonMacroFunction.h">
      <Filter>API Framework\Utility</Filter>
    </ClInclude>
    <ClInclude Include="RandomFunction.h">
      <Filter>API Framework\Utility</Filter>
    </ClInclude>
    <ClInclude Include="SingletonBase.h">
      <Filter>API Framework\DesignPattern\Singleton</Filter>
    </ClInclude>
    <ClInclude Include="GameNode.h">
      <Filter>API Framework\GameNode</Filter>
    </ClInclude>
    <ClInclude Include="MainGame.h">
      <Filter>MainGame</Filter>
    </ClInclude>
    <ClInclude Include="KeyManager.h">
      <Filter>API Framework\Manager</Filter>
    </ClInclude>
    <ClInclude Include="ImageManager.h">
      <Filter>API Framework\Manager</Filter>
    </ClInclude>
    <ClInclude Include="Image.h">
      <Filter>API Framework\Image</Filter>
    </ClInclude>
    <ClInclude Include="FontManager.h">
      <Filter>API Framework\Manager</Filter>
    </ClInclude>
    <ClInclude Include="TempSoundManager.h">
      <Filter>API Framework\Manager</Filter>
    </ClInclude>
    <ClInclude Include="Utils.h">
      <Filter>API Framework\Utility</Filter>
    </ClInclude>
    <ClInclude Include="Timer.h">
      <Filter>API Framework\Manager</Filter>
    </ClInclude>
    <ClInclude Include="TimeManager.h">
      <Filter>API Framework\Manager</Filter>
    </ClInclude>
  </ItemGroup>
</Project>